
Microsoft Visual Studio Solution File, Format Version 12.00
# Visual Studio Version 17
VisualStudioVersion = 17.14.37012.4
MinimumVisualStudioVersion = 10.0.40219.1
Project("{FAE04EC0-301F-11D3-BF4B-00C04F79EFBC}") = "hada-p3", "hada-p3\hada-p3.csproj", "{D4BD5DE7-9B66-4CC4-97EC-216ACB90BA5C}"
EndProject
Project("{FAE04EC0-301F-11D3-BF4B-00C04F79EFBC}") = "library", "library\library.csproj", "{5C48A9B4-8582-4B99-865F-1578C0E8C33E}"
EndProject
Project("{F184B08F-C81C-45F6-A57F-5ABD9991F28F}") = "proWeb", "proWeb\proWeb.vbproj", "{416EB187-FE18-4C8D-AE1F-40E1BFDE40B7}"
EndProject
Global
	GlobalSection(SolutionConfigurationPlatforms) = preSolution
		Debug|Any CPU = Debug|Any CPU
		Release|Any CPU = Release|Any CPU
	EndGlobalSection
	GlobalSection(ProjectConfigurationPlatforms) = postSolution
		{D4BD5DE7-9B66-4CC4-97EC-216ACB90BA5C}.Debug|Any CPU.ActiveCfg = Debug|Any CPU
		{D4BD5DE7-9B66-4CC4-97EC-216ACB90BA5C}.Debug|Any CPU.Build.0 = Debug|Any CPU
		{D4BD5DE7-9B66-4CC4-97EC-216ACB90BA5C}.Release|Any CPU.ActiveCfg = Release|Any CPU
		{D4BD5DE7-9B66-4CC4-97EC-216ACB90BA5C}.Release|Any CPU.Build.0 = Release|Any CPU
		{5C48A9B4-8582-4B99-865F-1578C0E8C33E}.Debug|Any CPU.ActiveCfg = Debug|Any CPU
		{5C48A9B4-8582-4B99-865F-1578C0E8C33E}.Debug|Any CPU.Build.0 = Debug|Any CPU
		{5C48A9B4-8582-4B99-865F-1578C0E8C33E}.Release|Any CPU.ActiveCfg = Release|Any CPU
		{5C48A9B4-8582-4B99-865F-1578C0E8C33E}.Release|Any CPU.Build.0 = Release|Any CPU
		{416EB187-FE18-4C8D-AE1F-40E1BFDE40B7}.Debug|Any CPU.ActiveCfg = Debug|Any CPU
		{416EB187-FE18-4C8D-AE1F-40E1BFDE40B7}.Debug|Any CPU.Build.0 = Debug|Any CPU
		{416EB187-FE18-4C8D-AE1F-40E1BFDE40B7}.Release|Any CPU.ActiveCfg = Release|Any CPU
		{416EB187-FE18-4C8D-AE1F-40E1BFDE40B7}.Release|Any CPU.Build.0 = Release|Any CPU
	EndGlobalSection
	GlobalSection(SolutionProperties) = preSolution
		HideSolutionNode = FALSE
	EndGlobalSection
	GlobalSection(ExtensibilityGlobals) = postSolution
		SolutionGuid = {2852C3A0-AD9E-487F-BFB4-D553965C7093}
	EndGlobalSection
EndGlobal
